{
  "nodes": {
    "constraints-extras": {
      "flake": false,
      "locked": {
        "narHash": "sha256-WGDSpT37RrHwpQtExGkL5eEmBk/s9b0rxtT9DYqSGg4=",
        "type": "tarball",
        "url": "https://hackage.haskell.org/package/constraints-extras-0.3.2.1/constraints-extras-0.3.2.1.tar.gz"
      },
      "original": {
        "type": "tarball",
        "url": "https://hackage.haskell.org/package/constraints-extras-0.3.2.1/constraints-extras-0.3.2.1.tar.gz"
      }
    },
    "flake-compat": {
      "flake": false,
      "locked": {
        "lastModified": 1650374568,
        "narHash": "sha256-Z+s0J8/r907g149rllvwhb4pKi8Wam5ij0st8PwAh+E=",
        "owner": "edolstra",
        "repo": "flake-compat",
        "rev": "b4a34015c698c7793d592d66adbab377907a2be8",
        "type": "github"
      },
      "original": {
        "owner": "edolstra",
        "repo": "flake-compat",
        "type": "github"
      }
    },
    "flake-utils": {
      "locked": {
        "lastModified": 1649676176,
        "narHash": "sha256-OWKJratjt2RW151VUlJPRALb7OU2S5s+f0vLj4o1bHM=",
        "owner": "numtide",
        "repo": "flake-utils",
        "rev": "a4b154ebbdc88c8498a5c7b01589addc9e9cb678",
        "type": "github"
      },
      "original": {
        "owner": "numtide",
        "repo": "flake-utils",
        "type": "github"
      }
    },
    "flake-utils_2": {
      "locked": {
        "lastModified": 1649676176,
        "narHash": "sha256-OWKJratjt2RW151VUlJPRALb7OU2S5s+f0vLj4o1bHM=",
        "owner": "numtide",
        "repo": "flake-utils",
        "rev": "a4b154ebbdc88c8498a5c7b01589addc9e9cb678",
        "type": "github"
      },
      "original": {
        "owner": "numtide",
        "repo": "flake-utils",
        "type": "github"
      }
    },
    "flake-utils_3": {
      "locked": {
        "lastModified": 1644229661,
        "narHash": "sha256-1YdnJAsNy69bpcjuoKdOYQX0YxZBiCYZo4Twxerqv7k=",
        "owner": "numtide",
        "repo": "flake-utils",
        "rev": "3cecb5b042f7f209c56ffd8371b2711a290ec797",
        "type": "github"
      },
      "original": {
        "owner": "numtide",
        "repo": "flake-utils",
        "type": "github"
      }
    },
    "fourmolu": {
      "flake": false,
      "locked": {
        "narHash": "sha256-uo5UE2SzrimnZl+JjJ30Hlg/nIw1OXJTPFIgkQopaI0=",
        "type": "tarball",
        "url": "https://hackage.haskell.org/package/fourmolu-0.5.0.1/fourmolu-0.5.0.1.tar.gz"
      },
      "original": {
        "type": "tarball",
        "url": "https://hackage.haskell.org/package/fourmolu-0.5.0.1/fourmolu-0.5.0.1.tar.gz"
      }
    },
    "ghc-exactprint": {
      "flake": false,
      "locked": {
        "narHash": "sha256-8OWLBQj0WYi1f91EE3d5Pq+lTjY+FQei37NEedDtKeo=",
        "type": "tarball",
        "url": "https://hackage.haskell.org/package/ghc-exactprint-1.4.1/ghc-exactprint-1.4.1.tar.gz"
      },
      "original": {
        "type": "tarball",
        "url": "https://hackage.haskell.org/package/ghc-exactprint-1.4.1/ghc-exactprint-1.4.1.tar.gz"
      }
    },
    "ghc-exactprint-150": {
      "flake": false,
      "locked": {
        "narHash": "sha256-f+WmS86c7B0dx2SMABIMm66z6sbRVWdqSZ1QBBEpUMw=",
        "type": "tarball",
        "url": "https://hackage.haskell.org/package/ghc-exactprint-1.5.0/ghc-exactprint-1.5.0.tar.gz"
      },
      "original": {
        "type": "tarball",
        "url": "https://hackage.haskell.org/package/ghc-exactprint-1.5.0/ghc-exactprint-1.5.0.tar.gz"
      }
    },
    "gitignore": {
      "flake": false,
      "locked": {
        "lastModified": 1646480205,
        "narHash": "sha256-kekOlTlu45vuK2L9nq8iVN17V3sB0WWPqTTW3a2SQG0=",
        "owner": "hercules-ci",
        "repo": "gitignore.nix",
        "rev": "bff2832ec341cf30acb3a4d3e2e7f1f7b590116a",
        "type": "github"
      },
      "original": {
        "owner": "hercules-ci",
        "repo": "gitignore.nix",
        "type": "github"
      }
    },
    "hie-bios": {
      "flake": false,
      "locked": {
        "narHash": "sha256-5RqspT27rb/tMBwrKr4VfSSbq0+c0LMNuaKlTun0Kkk=",
        "type": "tarball",
        "url": "https://hackage.haskell.org/package/hie-bios-0.9.1/hie-bios-0.9.1.tar.gz"
      },
      "original": {
        "type": "tarball",
        "url": "https://hackage.haskell.org/package/hie-bios-0.9.1/hie-bios-0.9.1.tar.gz"
      }
    },
    "hlint": {
      "flake": false,
      "locked": {
        "narHash": "sha256-Kz6adx97kY7ojoDlw3y0R6LQ0h/EtXGR5+N07/b6uGk=",
        "type": "tarball",
        "url": "https://hackage.haskell.org/package/hlint-3.3.6/hlint-3.3.6.tar.gz"
      },
      "original": {
        "type": "tarball",
        "url": "https://hackage.haskell.org/package/hlint-3.3.6/hlint-3.3.6.tar.gz"
      }
    },
    "hlint-34": {
      "flake": false,
      "locked": {
        "narHash": "sha256-mDncRtVkjWnUbZc1fgDMGcGjy8CFNxUF8z2HGuuN7GU=",
        "type": "tarball",
        "url": "https://hackage.haskell.org/package/hlint-3.4/hlint-3.4.tar.gz"
      },
      "original": {
        "type": "tarball",
        "url": "https://hackage.haskell.org/package/hlint-3.4/hlint-3.4.tar.gz"
      }
    },
    "implicit-hie-cradle": {
      "flake": false,
      "locked": {
        "narHash": "sha256-2NmucBBI7Qi1UGXWG27XFZRCeqeRiwVFWmJKZnp6R5U=",
        "type": "tarball",
        "url": "https://hackage.haskell.org/package/implicit-hie-cradle-0.3.0.5/implicit-hie-cradle-0.3.0.5.tar.gz"
      },
      "original": {
        "type": "tarball",
        "url": "https://hackage.haskell.org/package/implicit-hie-cradle-0.3.0.5/implicit-hie-cradle-0.3.0.5.tar.gz"
      }
    },
    "lsp": {
      "flake": false,
      "locked": {
        "narHash": "sha256-OcyNHNRh9j5nbJ8SjaNAWIEKuixAJlA7+vTimFY0c2c=",
        "type": "tarball",
        "url": "https://hackage.haskell.org/package/lsp-1.4.0.0/lsp-1.4.0.0.tar.gz"
      },
      "original": {
        "type": "tarball",
        "url": "https://hackage.haskell.org/package/lsp-1.4.0.0/lsp-1.4.0.0.tar.gz"
      }
    },
    "lsp-test": {
      "flake": false,
      "locked": {
        "narHash": "sha256-IOmbQH6tKdu9kAyirvLx6xFS2N+/tbs6vZn0mNGm3No=",
        "type": "tarball",
        "url": "https://hackage.haskell.org/package/lsp-test-0.14.0.2/lsp-test-0.14.0.2.tar.gz"
      },
      "original": {
        "type": "tarball",
        "url": "https://hackage.haskell.org/package/lsp-test-0.14.0.2/lsp-test-0.14.0.2.tar.gz"
      }
    },
    "lsp-types": {
      "flake": false,
      "locked": {
        "narHash": "sha256-HGg4upgirM6/px+vflY5S0Y79gAIDpl32Ad9mbbzTdU=",
        "type": "tarball",
        "url": "https://hackage.haskell.org/package/lsp-types-1.4.0.1/lsp-types-1.4.0.1.tar.gz"
      },
      "original": {
        "type": "tarball",
        "url": "https://hackage.haskell.org/package/lsp-types-1.4.0.1/lsp-types-1.4.0.1.tar.gz"
      }
    },
    "myst-parser": {
      "flake": false,
      "locked": {
        "lastModified": 1650933355,
        "narHash": "sha256-Osd3urvH1bn9w/6sAMyLKHO7gxuYePpGJ9y8ReBfp4E=",
        "owner": "smunix",
        "repo": "MyST-Parser",
        "rev": "57d0d78169a0e157406c35df951bdffdf94b4f9b",
        "type": "github"
      },
      "original": {
        "owner": "smunix",
        "ref": "fix.hls-docutils",
        "repo": "MyST-Parser",
        "type": "github"
      }
    },
    "nixpkgs": {
      "locked": {
        "lastModified": 1650792148,
        "narHash": "sha256-n1MZSZIzvP70BJ56tV8GwQ5L0wHt/nTH9UkF5HTGB/4=",
        "owner": "NixOS",
        "repo": "nixpkgs",
        "rev": "ab83c5d70528f1edc7080dead3a5dee61797b3ff",
        "type": "github"
      },
      "original": {
        "owner": "NixOS",
        "ref": "nixpkgs-unstable",
        "repo": "nixpkgs",
        "type": "github"
      }
    },
    "nixpkgs_2": {
      "locked": {
        "lastModified": 1650933476,
        "narHash": "sha256-kBefFyATME/AGGFMudAltOeKYnSc3YDOI0YgDjjIhzw=",
        "owner": "NixOS",
        "repo": "nixpkgs",
        "rev": "7deb7b084d6959f4076bcf0ff4aa0a120f1d31ca",
        "type": "github"
      },
      "original": {
        "owner": "NixOS",
        "repo": "nixpkgs",
        "type": "github"
      }
    },
    "nixpkgs_3": {
      "locked": {
        "lastModified": 1645655918,
        "narHash": "sha256-ZfbEFRW7o237+A1P7eTKhXje435FCAoe0blj2n20Was=",
        "owner": "nixos",
        "repo": "nixpkgs",
        "rev": "77a7a4197740213879b9a1d2e1788c6c8ade4274",
        "type": "github"
      },
      "original": {
        "id": "nixpkgs",
        "type": "indirect"
      }
    },
    "poetry2nix": {
      "inputs": {
        "flake-utils": "flake-utils_2",
        "nixpkgs": "nixpkgs_2"
      },
      "locked": {
        "lastModified": 1650693998,
        "narHash": "sha256-rypGV9HND1VsR/DEtD4O3cPcwCJVfIiTKvEbYskQSqg=",
        "owner": "nix-community",
        "repo": "poetry2nix",
        "rev": "8cfd980262181bd3ef15899708ceeb2e3f33958b",
        "type": "github"
      },
      "original": {
        "owner": "nix-community",
        "ref": "master",
        "repo": "poetry2nix",
        "type": "github"
      }
    },
    "pre-commit-hooks": {
      "inputs": {
        "flake-utils": "flake-utils_3",
        "nixpkgs": "nixpkgs_3"
      },
      "locked": {
        "lastModified": 1649054408,
        "narHash": "sha256-wz8AH7orqUE4Xog29WMTqOYBs0DMj2wFM8ulrTRVgz0=",
        "owner": "cachix",
        "repo": "pre-commit-hooks.nix",
        "rev": "e5e7b3b542e7f4f96967966a943d7e1c07558042",
        "type": "github"
      },
      "original": {
        "owner": "cachix",
        "repo": "pre-commit-hooks.nix",
        "type": "github"
      }
    },
    "ptr-poker": {
      "flake": false,
      "locked": {
        "narHash": "sha256-ll3wuUjkhTE8Grcs8LfGpdiuyobrSBmwgjqPOTlrPac=",
        "type": "tarball",
        "url": "https://hackage.haskell.org/package/ptr-poker-0.1.2.8/ptr-poker-0.1.2.8.tar.gz"
      },
      "original": {
        "type": "tarball",
        "url": "https://hackage.haskell.org/package/ptr-poker-0.1.2.8/ptr-poker-0.1.2.8.tar.gz"
      }
    },
    "retrie": {
      "flake": false,
      "locked": {
        "narHash": "sha256-SrUyFea9Qr2SYeNVDJfWZfCguJV2rHK2mO/FO4xLFaY=",
        "type": "tarball",
        "url": "https://hackage.haskell.org/package/retrie-1.2.0.1/retrie-1.2.0.1.tar.gz"
      },
      "original": {
        "type": "tarball",
        "url": "https://hackage.haskell.org/package/retrie-1.2.0.1/retrie-1.2.0.1.tar.gz"
      }
    },
    "root": {
      "inputs": {
        "constraints-extras": "constraints-extras",
        "flake-compat": "flake-compat",
        "flake-utils": "flake-utils",
        "fourmolu": "fourmolu",
        "ghc-exactprint": "ghc-exactprint",
        "ghc-exactprint-150": "ghc-exactprint-150",
        "gitignore": "gitignore",
        "hie-bios": "hie-bios",
        "hlint": "hlint",
        "hlint-34": "hlint-34",
        "implicit-hie-cradle": "implicit-hie-cradle",
        "lsp": "lsp",
        "lsp-test": "lsp-test",
        "lsp-types": "lsp-types",
        "myst-parser": "myst-parser",
        "nixpkgs": "nixpkgs",
        "poetry2nix": "poetry2nix",
        "pre-commit-hooks": "pre-commit-hooks",
        "ptr-poker": "ptr-poker",
        "retrie": "retrie",
        "sphinx_rtd_theme": "sphinx_rtd_theme"
      }
    },
    "sphinx_rtd_theme": {
      "flake": false,
      "locked": {
        "lastModified": 1628276861,
        "narHash": "sha256-fzqi0QfDSiN8YXtAiWXIoOlyHZQI4V32uOKZjPfWeWY=",
        "owner": "readthedocs",
        "repo": "sphinx_rtd_theme",
        "rev": "34f81daaf52466366c80003db293d50075c1b896",
        "type": "github"
      },
      "original": {
        "owner": "readthedocs",
        "repo": "sphinx_rtd_theme",
        "rev": "34f81daaf52466366c80003db293d50075c1b896",
        "type": "github"
      }
    }
  },
  "root": "root",
  "version": 7
}
